
Microsoft Visual Studio Solution File, Format Version 12.00
# Visual Studio Version 17
VisualStudioVersion = 17.11.35222.181
MinimumVisualStudioVersion = 10.0.40219.1
Project("{FAE04EC0-301F-11D3-BF4B-00C04F79EFBC}") = "Unit1", "Unit1\Unit1.csproj", "{575A7051-A330-49B1-8011-D9E5DD7731DB}"
EndProject
Project("{FAE04EC0-301F-11D3-BF4B-00C04F79EFBC}") = "prog3", "prog3\prog3.csproj", "{E3FB976C-67E0-4C17-9B0B-4F3ECBDD0EBA}"
EndProject
Project("{FAE04EC0-301F-11D3-BF4B-00C04F79EFBC}") = "prog4", "prog4\prog4.csproj", "{E16CB78D-7889-4916-9657-56CA5CA5748E}"
EndProject
Project("{FAE04EC0-301F-11D3-BF4B-00C04F79EFBC}") = "prog3.2", "prog3.2\prog3.2.csproj", "{039E9EE6-BD1E-428C-BE97-2303E986FBF7}"
EndProject
Project("{FAE04EC0-301F-11D3-BF4B-00C04F79EFBC}") = "prog6", "prog6\prog6.csproj", "{C7FBC01E-CA34-4EAC-9A98-897C0578DCDD}"
EndProject
Project("{FAE04EC0-301F-11D3-BF4B-00C04F79EFBC}") = "prog7", "prog7\prog7.csproj", "{41FCBF35-CC47-4FE2-A70E-A996929DBB91}"
EndProject
Project("{FAE04EC0-301F-11D3-BF4B-00C04F79EFBC}") = "prog8", "prog8\prog8.csproj", "{C7E4602D-4E3A-426D-9716-75CDB6AA0820}"
EndProject
Project("{FAE04EC0-301F-11D3-BF4B-00C04F79EFBC}") = "prog9", "prog9\prog9.csproj", "{A9240BD8-24D6-4DE1-91CB-3887D0D4FA21}"
EndProject
Project("{FAE04EC0-301F-11D3-BF4B-00C04F79EFBC}") = "prog10", "prog10\prog10.csproj", "{E25162B7-EE80-421C-94EC-4DB8A88FDA30}"
EndProject
Project("{FAE04EC0-301F-11D3-BF4B-00C04F79EFBC}") = "prog11", "prog11\prog11.csproj", "{C624E7C4-21C9-43E3-AE27-286493386E2E}"
EndProject
Project("{FAE04EC0-301F-11D3-BF4B-00C04F79EFBC}") = "prog12", "prog12\prog12.csproj", "{13F60002-479E-4FF9-A227-CF8CE8A560A9}"
EndProject
Project("{FAE04EC0-301F-11D3-BF4B-00C04F79EFBC}") = "prog13", "prog13\prog13.csproj", "{5857CAB5-4A78-49CA-A2D8-60A0481F8290}"
EndProject
Project("{FAE04EC0-301F-11D3-BF4B-00C04F79EFBC}") = "prog14", "prog14\prog14.csproj", "{8D37CE58-68C2-4381-82C5-82ED47C633CF}"
EndProject
Project("{FAE04EC0-301F-11D3-BF4B-00C04F79EFBC}") = "prog15", "prog15\prog15.csproj", "{41608EFF-3D17-44CF-9B1A-6F1B4630356B}"
EndProject
Project("{FAE04EC0-301F-11D3-BF4B-00C04F79EFBC}") = "arrayProg", "arrayProg\arrayProg.csproj", "{182B3CF3-06C1-4D2A-8C32-FD67436E4F2A}"
EndProject
Project("{FAE04EC0-301F-11D3-BF4B-00C04F79EFBC}") = "prog18", "prog18\prog18.csproj", "{3FB00F0D-92C4-45F7-B875-B3B69861B1CF}"
EndProject
Project("{FAE04EC0-301F-11D3-BF4B-00C04F79EFBC}") = "prog17", "prog17\prog17.csproj", "{8B983877-2C60-42DA-963B-ABFB2F628B40}"
EndProject
Project("{FAE04EC0-301F-11D3-BF4B-00C04F79EFBC}") = "prog19", "prog19\prog19.csproj", "{52307249-E6FC-4AC4-9138-40124D12A439}"
EndProject
Project("{FAE04EC0-301F-11D3-BF4B-00C04F79EFBC}") = "unit4_p1", "unit4_p1\unit4_p1.csproj", "{E2EF807F-EAC4-4A1C-B04A-892B81B79F3B}"
EndProject
Global
	GlobalSection(SolutionConfigurationPlatforms) = preSolution
		Debug|Any CPU = Debug|Any CPU
		Release|Any CPU = Release|Any CPU
	EndGlobalSection
	GlobalSection(ProjectConfigurationPlatforms) = postSolution
		{575A7051-A330-49B1-8011-D9E5DD7731DB}.Debug|Any CPU.ActiveCfg = Debug|Any CPU
		{575A7051-A330-49B1-8011-D9E5DD7731DB}.Debug|Any CPU.Build.0 = Debug|Any CPU
		{575A7051-A330-49B1-8011-D9E5DD7731DB}.Release|Any CPU.ActiveCfg = Release|Any CPU
		{575A7051-A330-49B1-8011-D9E5DD7731DB}.Release|Any CPU.Build.0 = Release|Any CPU
		{E3FB976C-67E0-4C17-9B0B-4F3ECBDD0EBA}.Debug|Any CPU.ActiveCfg = Debug|Any CPU
		{E3FB976C-67E0-4C17-9B0B-4F3ECBDD0EBA}.Debug|Any CPU.Build.0 = Debug|Any CPU
		{E3FB976C-67E0-4C17-9B0B-4F3ECBDD0EBA}.Release|Any CPU.ActiveCfg = Release|Any CPU
		{E3FB976C-67E0-4C17-9B0B-4F3ECBDD0EBA}.Release|Any CPU.Build.0 = Release|Any CPU
		{E16CB78D-7889-4916-9657-56CA5CA5748E}.Debug|Any CPU.ActiveCfg = Debug|Any CPU
		{E16CB78D-7889-4916-9657-56CA5CA5748E}.Debug|Any CPU.Build.0 = Debug|Any CPU
		{E16CB78D-7889-4916-9657-56CA5CA5748E}.Release|Any CPU.ActiveCfg = Release|Any CPU
		{E16CB78D-7889-4916-9657-56CA5CA5748E}.Release|Any CPU.Build.0 = Release|Any CPU
		{039E9EE6-BD1E-428C-BE97-2303E986FBF7}.Debug|Any CPU.ActiveCfg = Debug|Any CPU
		{039E9EE6-BD1E-428C-BE97-2303E986FBF7}.Debug|Any CPU.Build.0 = Debug|Any CPU
		{039E9EE6-BD1E-428C-BE97-2303E986FBF7}.Release|Any CPU.ActiveCfg = Release|Any CPU
		{039E9EE6-BD1E-428C-BE97-2303E986FBF7}.Release|Any CPU.Build.0 = Release|Any CPU
		{C7FBC01E-CA34-4EAC-9A98-897C0578DCDD}.Debug|Any CPU.ActiveCfg = Debug|Any CPU
		{C7FBC01E-CA34-4EAC-9A98-897C0578DCDD}.Debug|Any CPU.Build.0 = Debug|Any CPU
		{C7FBC01E-CA34-4EAC-9A98-897C0578DCDD}.Release|Any CPU.ActiveCfg = Release|Any CPU
		{C7FBC01E-CA34-4EAC-9A98-897C0578DCDD}.Release|Any CPU.Build.0 = Release|Any CPU
		{41FCBF35-CC47-4FE2-A70E-A996929DBB91}.Debug|Any CPU.ActiveCfg = Debug|Any CPU
		{41FCBF35-CC47-4FE2-A70E-A996929DBB91}.Debug|Any CPU.Build.0 = Debug|Any CPU
		{41FCBF35-CC47-4FE2-A70E-A996929DBB91}.Release|Any CPU.ActiveCfg = Release|Any CPU
		{41FCBF35-CC47-4FE2-A70E-A996929DBB91}.Release|Any CPU.Build.0 = Release|Any CPU
		{C7E4602D-4E3A-426D-9716-75CDB6AA0820}.Debug|Any CPU.ActiveCfg = Debug|Any CPU
		{C7E4602D-4E3A-426D-9716-75CDB6AA0820}.Debug|Any CPU.Build.0 = Debug|Any CPU
		{C7E4602D-4E3A-426D-9716-75CDB6AA0820}.Release|Any CPU.ActiveCfg = Release|Any CPU
		{C7E4602D-4E3A-426D-9716-75CDB6AA0820}.Release|Any CPU.Build.0 = Release|Any CPU
		{A9240BD8-24D6-4DE1-91CB-3887D0D4FA21}.Debug|Any CPU.ActiveCfg = Debug|Any CPU
		{A9240BD8-24D6-4DE1-91CB-3887D0D4FA21}.Debug|Any CPU.Build.0 = Debug|Any CPU
		{A9240BD8-24D6-4DE1-91CB-3887D0D4FA21}.Release|Any CPU.ActiveCfg = Release|Any CPU
		{A9240BD8-24D6-4DE1-91CB-3887D0D4FA21}.Release|Any CPU.Build.0 = Release|Any CPU
		{E25162B7-EE80-421C-94EC-4DB8A88FDA30}.Debug|Any CPU.ActiveCfg = Debug|Any CPU
		{E25162B7-EE80-421C-94EC-4DB8A88FDA30}.Debug|Any CPU.Build.0 = Debug|Any CPU
		{E25162B7-EE80-421C-94EC-4DB8A88FDA30}.Release|Any CPU.ActiveCfg = Release|Any CPU
		{E25162B7-EE80-421C-94EC-4DB8A88FDA30}.Release|Any CPU.Build.0 = Release|Any CPU
		{C624E7C4-21C9-43E3-AE27-286493386E2E}.Debug|Any CPU.ActiveCfg = Debug|Any CPU
		{C624E7C4-21C9-43E3-AE27-286493386E2E}.Debug|Any CPU.Build.0 = Debug|Any CPU
		{C624E7C4-21C9-43E3-AE27-286493386E2E}.Release|Any CPU.ActiveCfg = Release|Any CPU
		{C624E7C4-21C9-43E3-AE27-286493386E2E}.Release|Any CPU.Build.0 = Release|Any CPU
		{13F60002-479E-4FF9-A227-CF8CE8A560A9}.Debug|Any CPU.ActiveCfg = Debug|Any CPU
		{13F60002-479E-4FF9-A227-CF8CE8A560A9}.Debug|Any CPU.Build.0 = Debug|Any CPU
		{13F60002-479E-4FF9-A227-CF8CE8A560A9}.Release|Any CPU.ActiveCfg = Release|Any CPU
		{13F60002-479E-4FF9-A227-CF8CE8A560A9}.Release|Any CPU.Build.0 = Release|Any CPU
		{5857CAB5-4A78-49CA-A2D8-60A0481F8290}.Debug|Any CPU.ActiveCfg = Debug|Any CPU
		{5857CAB5-4A78-49CA-A2D8-60A0481F8290}.Debug|Any CPU.Build.0 = Debug|Any CPU
		{5857CAB5-4A78-49CA-A2D8-60A0481F8290}.Release|Any CPU.ActiveCfg = Release|Any CPU
		{5857CAB5-4A78-49CA-A2D8-60A0481F8290}.Release|Any CPU.Build.0 = Release|Any CPU
		{8D37CE58-68C2-4381-82C5-82ED47C633CF}.Debug|Any CPU.ActiveCfg = Debug|Any CPU
		{8D37CE58-68C2-4381-82C5-82ED47C633CF}.Debug|Any CPU.Build.0 = Debug|Any CPU
		{8D37CE58-68C2-4381-82C5-82ED47C633CF}.Release|Any CPU.ActiveCfg = Release|Any CPU
		{8D37CE58-68C2-4381-82C5-82ED47C633CF}.Release|Any CPU.Build.0 = Release|Any CPU
		{41608EFF-3D17-44CF-9B1A-6F1B4630356B}.Debug|Any CPU.ActiveCfg = Debug|Any CPU
		{41608EFF-3D17-44CF-9B1A-6F1B4630356B}.Debug|Any CPU.Build.0 = Debug|Any CPU
		{41608EFF-3D17-44CF-9B1A-6F1B4630356B}.Release|Any CPU.ActiveCfg = Release|Any CPU
		{41608EFF-3D17-44CF-9B1A-6F1B4630356B}.Release|Any CPU.Build.0 = Release|Any CPU
		{182B3CF3-06C1-4D2A-8C32-FD67436E4F2A}.Debug|Any CPU.ActiveCfg = Debug|Any CPU
		{182B3CF3-06C1-4D2A-8C32-FD67436E4F2A}.Debug|Any CPU.Build.0 = Debug|Any CPU
		{182B3CF3-06C1-4D2A-8C32-FD67436E4F2A}.Release|Any CPU.ActiveCfg = Release|Any CPU
		{182B3CF3-06C1-4D2A-8C32-FD67436E4F2A}.Release|Any CPU.Build.0 = Release|Any CPU
		{3FB00F0D-92C4-45F7-B875-B3B69861B1CF}.Debug|Any CPU.ActiveCfg = Debug|Any CPU
		{3FB00F0D-92C4-45F7-B875-B3B69861B1CF}.Debug|Any CPU.Build.0 = Debug|Any CPU
		{3FB00F0D-92C4-45F7-B875-B3B69861B1CF}.Release|Any CPU.ActiveCfg = Release|Any CPU
		{3FB00F0D-92C4-45F7-B875-B3B69861B1CF}.Release|Any CPU.Build.0 = Release|Any CPU
		{8B983877-2C60-42DA-963B-ABFB2F628B40}.Debug|Any CPU.ActiveCfg = Debug|Any CPU
		{8B983877-2C60-42DA-963B-ABFB2F628B40}.Debug|Any CPU.Build.0 = Debug|Any CPU
		{8B983877-2C60-42DA-963B-ABFB2F628B40}.Release|Any CPU.ActiveCfg = Release|Any CPU
		{8B983877-2C60-42DA-963B-ABFB2F628B40}.Release|Any CPU.Build.0 = Release|Any CPU
		{52307249-E6FC-4AC4-9138-40124D12A439}.Debug|Any CPU.ActiveCfg = Debug|Any CPU
		{52307249-E6FC-4AC4-9138-40124D12A439}.Debug|Any CPU.Build.0 = Debug|Any CPU
		{52307249-E6FC-4AC4-9138-40124D12A439}.Release|Any CPU.ActiveCfg = Release|Any CPU
		{52307249-E6FC-4AC4-9138-40124D12A439}.Release|Any CPU.Build.0 = Release|Any CPU
		{E2EF807F-EAC4-4A1C-B04A-892B81B79F3B}.Debug|Any CPU.ActiveCfg = Debug|Any CPU
		{E2EF807F-EAC4-4A1C-B04A-892B81B79F3B}.Debug|Any CPU.Build.0 = Debug|Any CPU
		{E2EF807F-EAC4-4A1C-B04A-892B81B79F3B}.Release|Any CPU.ActiveCfg = Release|Any CPU
		{E2EF807F-EAC4-4A1C-B04A-892B81B79F3B}.Release|Any CPU.Build.0 = Release|Any CPU
	EndGlobalSection
	GlobalSection(SolutionProperties) = preSolution
		HideSolutionNode = FALSE
	EndGlobalSection
	GlobalSection(ExtensibilityGlobals) = postSolution
		SolutionGuid = {32F6F444-4B47-499A-B6F1-3F0DB2DC5539}
	EndGlobalSection
EndGlobal
